// !$*UTF8*$!
{
	archiveVersion = 1;
	classes = {
	};
	objectVersion = 50;
	objects = {

/* Begin PBXBuildFile section */
		2F08B18E25A6554800F58C27 /* UltimatePortfolioApp.swift in Sources */ = {isa = PBXBuildFile; fileRef = 2F08B18D25A6554800F58C27 /* UltimatePortfolioApp.swift */; };
		2F08B19025A6554800F58C27 /* ContentView.swift in Sources */ = {isa = PBXBuildFile; fileRef = 2F08B18F25A6554800F58C27 /* ContentView.swift */; };
		2F08B19225A6554800F58C27 /* Assets.xcassets in Resources */ = {isa = PBXBuildFile; fileRef = 2F08B19125A6554800F58C27 /* Assets.xcassets */; };
		2F08B19525A6554800F58C27 /* Preview Assets.xcassets in Resources */ = {isa = PBXBuildFile; fileRef = 2F08B19425A6554800F58C27 /* Preview Assets.xcassets */; };
		2F08B19F25A6555B00F58C27 /* Main.xcdatamodeld in Sources */ = {isa = PBXBuildFile; fileRef = 2F08B19D25A6555B00F58C27 /* Main.xcdatamodeld */; };
		2F08B1A225A6562100F58C27 /* DataController.swift in Sources */ = {isa = PBXBuildFile; fileRef = 2F08B1A125A6562100F58C27 /* DataController.swift */; };
		2F08B1A825A6565300F58C27 /* CloudKit.framework in Frameworks */ = {isa = PBXBuildFile; fileRef = 2F08B1A725A6565300F58C27 /* CloudKit.framework */; };
		2F08B1AA25A657D400F58C27 /* HomeView.swift in Sources */ = {isa = PBXBuildFile; fileRef = 2F08B1A925A657D400F58C27 /* HomeView.swift */; };
		2F08B1AE25A6587900F58C27 /* ProjectsView.swift in Sources */ = {isa = PBXBuildFile; fileRef = 2F08B1AD25A6587900F58C27 /* ProjectsView.swift */; };
		2F08B1B225A6781200F58C27 /* Item-CoreDataHelpers.swift in Sources */ = {isa = PBXBuildFile; fileRef = 2F08B1B125A6781200F58C27 /* Item-CoreDataHelpers.swift */; };
		2F08B1B525A6794F00F58C27 /* Project-CoreDataHelper.swift in Sources */ = {isa = PBXBuildFile; fileRef = 2F08B1B425A6794F00F58C27 /* Project-CoreDataHelper.swift */; };
		2F08B1BB25A7791400F58C27 /* EditItemView.swift in Sources */ = {isa = PBXBuildFile; fileRef = 2F08B1BA25A7791400F58C27 /* EditItemView.swift */; };
		2F08B1BF25A77C5A00F58C27 /* ItemRowView.swift in Sources */ = {isa = PBXBuildFile; fileRef = 2F08B1BE25A77C5A00F58C27 /* ItemRowView.swift */; };
		2F08B1C225A77E3100F58C27 /* Binding-OnChange.swift in Sources */ = {isa = PBXBuildFile; fileRef = 2F08B1C125A77E3100F58C27 /* Binding-OnChange.swift */; };
		2F08B1C525A781BA00F58C27 /* ProjectHeaderView.swift in Sources */ = {isa = PBXBuildFile; fileRef = 2F08B1C425A781BA00F58C27 /* ProjectHeaderView.swift */; };
		2F08B1C825A7838B00F58C27 /* Colors.xcassets in Resources */ = {isa = PBXBuildFile; fileRef = 2F08B1C725A7838B00F58C27 /* Colors.xcassets */; };
		2F08B1CB25A7864F00F58C27 /* EditProjectView.swift in Sources */ = {isa = PBXBuildFile; fileRef = 2F08B1CA25A7864F00F58C27 /* EditProjectView.swift */; };
/* End PBXBuildFile section */

/* Begin PBXFileReference section */
		2F08B18A25A6554800F58C27 /* UltimatePortfolio.app */ = {isa = PBXFileReference; explicitFileType = wrapper.application; includeInIndex = 0; path = UltimatePortfolio.app; sourceTree = BUILT_PRODUCTS_DIR; };
		2F08B18D25A6554800F58C27 /* UltimatePortfolioApp.swift */ = {isa = PBXFileReference; lastKnownFileType = sourcecode.swift; path = UltimatePortfolioApp.swift; sourceTree = "<group>"; };
		2F08B18F25A6554800F58C27 /* ContentView.swift */ = {isa = PBXFileReference; lastKnownFileType = sourcecode.swift; path = ContentView.swift; sourceTree = "<group>"; };
		2F08B19125A6554800F58C27 /* Assets.xcassets */ = {isa = PBXFileReference; lastKnownFileType = folder.assetcatalog; path = Assets.xcassets; sourceTree = "<group>"; };
		2F08B19425A6554800F58C27 /* Preview Assets.xcassets */ = {isa = PBXFileReference; lastKnownFileType = folder.assetcatalog; path = "Preview Assets.xcassets"; sourceTree = "<group>"; };
		2F08B19625A6554800F58C27 /* Info.plist */ = {isa = PBXFileReference; lastKnownFileType = text.plist.xml; path = Info.plist; sourceTree = "<group>"; };
		2F08B19E25A6555B00F58C27 /* Main.xcdatamodel */ = {isa = PBXFileReference; lastKnownFileType = wrapper.xcdatamodel; path = Main.xcdatamodel; sourceTree = "<group>"; };
		2F08B1A125A6562100F58C27 /* DataController.swift */ = {isa = PBXFileReference; lastKnownFileType = sourcecode.swift; path = DataController.swift; sourceTree = "<group>"; };
		2F08B1A425A6564900F58C27 /* UltimatePortfolio.entitlements */ = {isa = PBXFileReference; lastKnownFileType = text.plist.entitlements; path = UltimatePortfolio.entitlements; sourceTree = "<group>"; };
		2F08B1A725A6565300F58C27 /* CloudKit.framework */ = {isa = PBXFileReference; lastKnownFileType = wrapper.framework; name = CloudKit.framework; path = System/Library/Frameworks/CloudKit.framework; sourceTree = SDKROOT; };
		2F08B1A925A657D400F58C27 /* HomeView.swift */ = {isa = PBXFileReference; lastKnownFileType = sourcecode.swift; path = HomeView.swift; sourceTree = "<group>"; };
		2F08B1AD25A6587900F58C27 /* ProjectsView.swift */ = {isa = PBXFileReference; lastKnownFileType = sourcecode.swift; path = ProjectsView.swift; sourceTree = "<group>"; };
		2F08B1B125A6781200F58C27 /* Item-CoreDataHelpers.swift */ = {isa = PBXFileReference; lastKnownFileType = sourcecode.swift; path = "Item-CoreDataHelpers.swift"; sourceTree = "<group>"; };
		2F08B1B425A6794F00F58C27 /* Project-CoreDataHelper.swift */ = {isa = PBXFileReference; lastKnownFileType = sourcecode.swift; path = "Project-CoreDataHelper.swift"; sourceTree = "<group>"; };
		2F08B1BA25A7791400F58C27 /* EditItemView.swift */ = {isa = PBXFileReference; lastKnownFileType = sourcecode.swift; path = EditItemView.swift; sourceTree = "<group>"; };
		2F08B1BE25A77C5A00F58C27 /* ItemRowView.swift */ = {isa = PBXFileReference; lastKnownFileType = sourcecode.swift; path = ItemRowView.swift; sourceTree = "<group>"; };
		2F08B1C125A77E3100F58C27 /* Binding-OnChange.swift */ = {isa = PBXFileReference; lastKnownFileType = sourcecode.swift; path = "Binding-OnChange.swift"; sourceTree = "<group>"; };
		2F08B1C425A781BA00F58C27 /* ProjectHeaderView.swift */ = {isa = PBXFileReference; lastKnownFileType = sourcecode.swift; path = ProjectHeaderView.swift; sourceTree = "<group>"; };
		2F08B1C725A7838B00F58C27 /* Colors.xcassets */ = {isa = PBXFileReference; lastKnownFileType = folder.assetcatalog; path = Colors.xcassets; sourceTree = "<group>"; };
		2F08B1CA25A7864F00F58C27 /* EditProjectView.swift */ = {isa = PBXFileReference; lastKnownFileType = sourcecode.swift; path = EditProjectView.swift; sourceTree = "<group>"; };
/* End PBXFileReference section */

/* Begin PBXFrameworksBuildPhase section */
		2F08B18725A6554800F58C27 /* Frameworks */ = {
			isa = PBXFrameworksBuildPhase;
			buildActionMask = 2147483647;
			files = (
				2F08B1A825A6565300F58C27 /* CloudKit.framework in Frameworks */,
			);
			runOnlyForDeploymentPostprocessing = 0;
		};
/* End PBXFrameworksBuildPhase section */

/* Begin PBXGroup section */
		2F08B18125A6554800F58C27 = {
			isa = PBXGroup;
			children = (
				2F08B18C25A6554800F58C27 /* UltimatePortfolio */,
				2F08B18B25A6554800F58C27 /* Products */,
				2F08B1A625A6565300F58C27 /* Frameworks */,
			);
			sourceTree = "<group>";
		};
		2F08B18B25A6554800F58C27 /* Products */ = {
			isa = PBXGroup;
			children = (
				2F08B18A25A6554800F58C27 /* UltimatePortfolio.app */,
			);
			name = Products;
			sourceTree = "<group>";
		};
		2F08B18C25A6554800F58C27 /* UltimatePortfolio */ = {
			isa = PBXGroup;
			children = (
				2F08B1A425A6564900F58C27 /* UltimatePortfolio.entitlements */,
				2F08B18D25A6554800F58C27 /* UltimatePortfolioApp.swift */,
				2F08B1C425A781BA00F58C27 /* ProjectHeaderView.swift */,
				2F08B1A925A657D400F58C27 /* HomeView.swift */,
				2F08B1AD25A6587900F58C27 /* ProjectsView.swift */,
				2F08B1C125A77E3100F58C27 /* Binding-OnChange.swift */,
				2F08B1BE25A77C5A00F58C27 /* ItemRowView.swift */,
				2F08B1B125A6781200F58C27 /* Item-CoreDataHelpers.swift */,
				2F08B1B425A6794F00F58C27 /* Project-CoreDataHelper.swift */,
				2F08B18F25A6554800F58C27 /* ContentView.swift */,
				2F08B1BA25A7791400F58C27 /* EditItemView.swift */,
				2F08B1CA25A7864F00F58C27 /* EditProjectView.swift */,
				2F08B19D25A6555B00F58C27 /* Main.xcdatamodeld */,
				2F08B1A125A6562100F58C27 /* DataController.swift */,
				2F08B19125A6554800F58C27 /* Assets.xcassets */,
				2F08B1C725A7838B00F58C27 /* Colors.xcassets */,
				2F08B19625A6554800F58C27 /* Info.plist */,
				2F08B19325A6554800F58C27 /* Preview Content */,
			);
			path = UltimatePortfolio;
			sourceTree = "<group>";
		};
		2F08B19325A6554800F58C27 /* Preview Content */ = {
			isa = PBXGroup;
			children = (
				2F08B19425A6554800F58C27 /* Preview Assets.xcassets */,
			);
			path = "Preview Content";
			sourceTree = "<group>";
		};
		2F08B1A625A6565300F58C27 /* Frameworks */ = {
			isa = PBXGroup;
			children = (
				2F08B1A725A6565300F58C27 /* CloudKit.framework */,
			);
			name = Frameworks;
			sourceTree = "<group>";
		};
/* End PBXGroup section */

/* Begin PBXNativeTarget section */
		2F08B18925A6554800F58C27 /* UltimatePortfolio */ = {
			isa = PBXNativeTarget;
			buildConfigurationList = 2F08B19925A6554800F58C27 /* Build configuration list for PBXNativeTarget "UltimatePortfolio" */;
			buildPhases = (
				2F08B18625A6554800F58C27 /* Sources */,
				2F08B18725A6554800F58C27 /* Frameworks */,
				2F08B18825A6554800F58C27 /* Resources */,
			);
			buildRules = (
			);
			dependencies = (
			);
			name = UltimatePortfolio;
			productName = UltimatePortfolio;
			productReference = 2F08B18A25A6554800F58C27 /* UltimatePortfolio.app */;
			productType = "com.apple.product-type.application";
		};
/* End PBXNativeTarget section */

/* Begin PBXProject section */
		2F08B18225A6554800F58C27 /* Project object */ = {
			isa = PBXProject;
			attributes = {
				LastSwiftUpdateCheck = 1230;
				LastUpgradeCheck = 1230;
				TargetAttributes = {
					2F08B18925A6554800F58C27 = {
						CreatedOnToolsVersion = 12.3;
					};
				};
			};
			buildConfigurationList = 2F08B18525A6554800F58C27 /* Build configuration list for PBXProject "UltimatePortfolio" */;
			compatibilityVersion = "Xcode 9.3";
			developmentRegion = en;
			hasScannedForEncodings = 0;
			knownRegions = (
				en,
				Base,
			);
			mainGroup = 2F08B18125A6554800F58C27;
			productRefGroup = 2F08B18B25A6554800F58C27 /* Products */;
			projectDirPath = "";
			projectRoot = "";
			targets = (
				2F08B18925A6554800F58C27 /* UltimatePortfolio */,
			);
		};
/* End PBXProject section */

/* Begin PBXResourcesBuildPhase section */
		2F08B18825A6554800F58C27 /* Resources */ = {
			isa = PBXResourcesBuildPhase;
			buildActionMask = 2147483647;
			files = (
				2F08B1C825A7838B00F58C27 /* Colors.xcassets in Resources */,
				2F08B19525A6554800F58C27 /* Preview Assets.xcassets in Resources */,
				2F08B19225A6554800F58C27 /* Assets.xcassets in Resources */,
			);
			runOnlyForDeploymentPostprocessing = 0;
		};
/* End PBXResourcesBuildPhase section */

/* Begin PBXSourcesBuildPhase section */
		2F08B18625A6554800F58C27 /* Sources */ = {
			isa = PBXSourcesBuildPhase;
			buildActionMask = 2147483647;
			files = (
				2F08B1AE25A6587900F58C27 /* ProjectsView.swift in Sources */,
				2F08B1C525A781BA00F58C27 /* ProjectHeaderView.swift in Sources */,
				2F08B19F25A6555B00F58C27 /* Main.xcdatamodeld in Sources */,
				2F08B1A225A6562100F58C27 /* DataController.swift in Sources */,
				2F08B1CB25A7864F00F58C27 /* EditProjectView.swift in Sources */,
				2F08B19025A6554800F58C27 /* ContentView.swift in Sources */,
				2F08B1BF25A77C5A00F58C27 /* ItemRowView.swift in Sources */,
				2F08B1AA25A657D400F58C27 /* HomeView.swift in Sources */,
				2F08B1C225A77E3100F58C27 /* Binding-OnChange.swift in Sources */,
				2F08B18E25A6554800F58C27 /* UltimatePortfolioApp.swift in Sources */,
				2F08B1B525A6794F00F58C27 /* Project-CoreDataHelper.swift in Sources */,
				2F08B1BB25A7791400F58C27 /* EditItemView.swift in Sources */,
				2F08B1B225A6781200F58C27 /* Item-CoreDataHelpers.swift in Sources */,
			);
			runOnlyForDeploymentPostprocessing = 0;
		};
/* End PBXSourcesBuildPhase section */

/* Begin XCBuildConfiguration section */
		2F08B19725A6554800F58C27 /* Debug */ = {
			isa = XCBuildConfiguration;
			buildSettings = {
				ALWAYS_SEARCH_USER_PATHS = NO;
				CLANG_ANALYZER_NONNULL = YES;
				CLANG_ANALYZER_NUMBER_OBJECT_CONVERSION = YES_AGGRESSIVE;
				CLANG_CXX_LANGUAGE_STANDARD = "gnu++14";
				CLANG_CXX_LIBRARY = "libc++";
				CLANG_ENABLE_MODULES = YES;
				CLANG_ENABLE_OBJC_ARC = YES;
				CLANG_ENABLE_OBJC_WEAK = YES;
				CLANG_WARN_BLOCK_CAPTURE_AUTORELEASING = YES;
				CLANG_WARN_BOOL_CONVERSION = YES;
				CLANG_WARN_COMMA = YES;
				CLANG_WARN_CONSTANT_CONVERSION = YES;
				CLANG_WARN_DEPRECATED_OBJC_IMPLEMENTATIONS = YES;
				CLANG_WARN_DIRECT_OBJC_ISA_USAGE = YES_ERROR;
				CLANG_WARN_DOCUMENTATION_COMMENTS = YES;
				CLANG_WARN_EMPTY_BODY = YES;
				CLANG_WARN_ENUM_CONVERSION = YES;
				CLANG_WARN_INFINITE_RECURSION = YES;
				CLANG_WARN_INT_CONVERSION = YES;
				CLANG_WARN_NON_LITERAL_NULL_CONVERSION = YES;
				CLANG_WARN_OBJC_IMPLICIT_RETAIN_SELF = YES;
				CLANG_WARN_OBJC_LITERAL_CONVERSION = YES;
				CLANG_WARN_OBJC_ROOT_CLASS = YES_ERROR;
				CLANG_WARN_QUOTED_INCLUDE_IN_FRAMEWORK_HEADER = YES;
				CLANG_WARN_RANGE_LOOP_ANALYSIS = YES;
				CLANG_WARN_STRICT_PROTOTYPES = YES;
				CLANG_WARN_SUSPICIOUS_MOVE = YES;
				CLANG_WARN_UNGUARDED_AVAILABILITY = YES_AGGRESSIVE;
				CLANG_WARN_UNREACHABLE_CODE = YES;
				CLANG_WARN__DUPLICATE_METHOD_MATCH = YES;
				COPY_PHASE_STRIP = NO;
				DEBUG_INFORMATION_FORMAT = dwarf;
				ENABLE_STRICT_OBJC_MSGSEND = YES;
				ENABLE_TESTABILITY = YES;
				GCC_C_LANGUAGE_STANDARD = gnu11;
				GCC_DYNAMIC_NO_PIC = NO;
				GCC_NO_COMMON_BLOCKS = YES;
				GCC_OPTIMIZATION_LEVEL = 0;
				GCC_PREPROCESSOR_DEFINITIONS = (
					"DEBUG=1",
					"$(inherited)",
				);
				GCC_WARN_64_TO_32_BIT_CONVERSION = YES;
				GCC_WARN_ABOUT_RETURN_TYPE = YES_ERROR;
				GCC_WARN_UNDECLARED_SELECTOR = YES;
				GCC_WARN_UNINITIALIZED_AUTOS = YES_AGGRESSIVE;
				GCC_WARN_UNUSED_FUNCTION = YES;
				GCC_WARN_UNUSED_VARIABLE = YES;
				IPHONEOS_DEPLOYMENT_TARGET = 14.3;
				MTL_ENABLE_DEBUG_INFO = INCLUDE_SOURCE;
				MTL_FAST_MATH = YES;
				ONLY_ACTIVE_ARCH = YES;
				SDKROOT = iphoneos;
				SWIFT_ACTIVE_COMPILATION_CONDITIONS = DEBUG;
				SWIFT_OPTIMIZATION_LEVEL = "-Onone";
			};
			name = Debug;
		};
		2F08B19825A6554800F58C27 /* Release */ = {
			isa = XCBuildConfiguration;
			buildSettings = {
				ALWAYS_SEARCH_USER_PATHS = NO;
				CLANG_ANALYZER_NONNULL = YES;
				CLANG_ANALYZER_NUMBER_OBJECT_CONVERSION = YES_AGGRESSIVE;
				CLANG_CXX_LANGUAGE_STANDARD = "gnu++14";
				CLANG_CXX_LIBRARY = "libc++";
				CLANG_ENABLE_MODULES = YES;
				CLANG_ENABLE_OBJC_ARC = YES;
				CLANG_ENABLE_OBJC_WEAK = YES;
				CLANG_WARN_BLOCK_CAPTURE_AUTORELEASING = YES;
				CLANG_WARN_BOOL_CONVERSION = YES;
				CLANG_WARN_COMMA = YES;
				CLANG_WARN_CONSTANT_CONVERSION = YES;
				CLANG_WARN_DEPRECATED_OBJC_IMPLEMENTATIONS = YES;
				CLANG_WARN_DIRECT_OBJC_ISA_USAGE = YES_ERROR;
				CLANG_WARN_DOCUMENTATION_COMMENTS = YES;
				CLANG_WARN_EMPTY_BODY = YES;
				CLANG_WARN_ENUM_CONVERSION = YES;
				CLANG_WARN_INFINITE_RECURSION = YES;
				CLANG_WARN_INT_CONVERSION = YES;
				CLANG_WARN_NON_LITERAL_NULL_CONVERSION = YES;
				CLANG_WARN_OBJC_IMPLICIT_RETAIN_SELF = YES;
				CLANG_WARN_OBJC_LITERAL_CONVERSION = YES;
				CLANG_WARN_OBJC_ROOT_CLASS = YES_ERROR;
				CLANG_WARN_QUOTED_INCLUDE_IN_FRAMEWORK_HEADER = YES;
				CLANG_WARN_RANGE_LOOP_ANALYSIS = YES;
				CLANG_WARN_STRICT_PROTOTYPES = YES;
				CLANG_WARN_SUSPICIOUS_MOVE = YES;
				CLANG_WARN_UNGUARDED_AVAILABILITY = YES_AGGRESSIVE;
				CLANG_WARN_UNREACHABLE_CODE = YES;
				CLANG_WARN__DUPLICATE_METHOD_MATCH = YES;
				COPY_PHASE_STRIP = NO;
				DEBUG_INFORMATION_FORMAT = "dwarf-with-dsym";
				ENABLE_NS_ASSERTIONS = NO;
				ENABLE_STRICT_OBJC_MSGSEND = YES;
				GCC_C_LANGUAGE_STANDARD = gnu11;
				GCC_NO_COMMON_BLOCKS = YES;
				GCC_WARN_64_TO_32_BIT_CONVERSION = YES;
				GCC_WARN_ABOUT_RETURN_TYPE = YES_ERROR;
				GCC_WARN_UNDECLARED_SELECTOR = YES;
				GCC_WARN_UNINITIALIZED_AUTOS = YES_AGGRESSIVE;
				GCC_WARN_UNUSED_FUNCTION = YES;
				GCC_WARN_UNUSED_VARIABLE = YES;
				IPHONEOS_DEPLOYMENT_TARGET = 14.3;
				MTL_ENABLE_DEBUG_INFO = NO;
				MTL_FAST_MATH = YES;
				SDKROOT = iphoneos;
				SWIFT_COMPILATION_MODE = wholemodule;
				SWIFT_OPTIMIZATION_LEVEL = "-O";
				VALIDATE_PRODUCT = YES;
			};
			name = Release;
		};
		2F08B19A25A6554800F58C27 /* Debug */ = {
			isa = XCBuildConfiguration;
			buildSettings = {
				ASSETCATALOG_COMPILER_APPICON_NAME = AppIcon;
				ASSETCATALOG_COMPILER_GLOBAL_ACCENT_COLOR_NAME = AccentColor;
				CODE_SIGN_ENTITLEMENTS = UltimatePortfolio/UltimatePortfolio.entitlements;
				CODE_SIGN_STYLE = Automatic;
				DEVELOPMENT_ASSET_PATHS = "\"UltimatePortfolio/Preview Content\"";
				DEVELOPMENT_TEAM = MBF7WE4Z3J;
				ENABLE_PREVIEWS = YES;
				INFOPLIST_FILE = UltimatePortfolio/Info.plist;
				IPHONEOS_DEPLOYMENT_TARGET = 14.0;
				LD_RUNPATH_SEARCH_PATHS = (
					"$(inherited)",
					"@executable_path/Frameworks",
				);
				PRODUCT_BUNDLE_IDENTIFIER = com.CosmoNautical.UltimatePortfolio;
				PRODUCT_NAME = "$(TARGET_NAME)";
				SWIFT_VERSION = 5.0;
				TARGETED_DEVICE_FAMILY = "1,2";
			};
			name = Debug;
		};
		2F08B19B25A6554800F58C27 /* Release */ = {
			isa = XCBuildConfiguration;
			buildSettings = {
				ASSETCATALOG_COMPILER_APPICON_NAME = AppIcon;
				ASSETCATALOG_COMPILER_GLOBAL_ACCENT_COLOR_NAME = AccentColor;
				CODE_SIGN_ENTITLEMENTS = UltimatePortfolio/UltimatePortfolio.entitlements;
				CODE_SIGN_STYLE = Automatic;
				DEVELOPMENT_ASSET_PATHS = "\"UltimatePortfolio/Preview Content\"";
				DEVELOPMENT_TEAM = MBF7WE4Z3J;
				ENABLE_PREVIEWS = YES;
				INFOPLIST_FILE = UltimatePortfolio/Info.plist;
				IPHONEOS_DEPLOYMENT_TARGET = 14.0;
				LD_RUNPATH_SEARCH_PATHS = (
					"$(inherited)",
					"@executable_path/Frameworks",
				);
				PRODUCT_BUNDLE_IDENTIFIER = com.CosmoNautical.UltimatePortfolio;
				PRODUCT_NAME = "$(TARGET_NAME)";
				SWIFT_VERSION = 5.0;
				TARGETED_DEVICE_FAMILY = "1,2";
			};
			name = Release;
		};
/* End XCBuildConfiguration section */

/* Begin XCConfigurationList section */
		2F08B18525A6554800F58C27 /* Build configuration list for PBXProject "UltimatePortfolio" */ = {
			isa = XCConfigurationList;
			buildConfigurations = (
				2F08B19725A6554800F58C27 /* Debug */,
				2F08B19825A6554800F58C27 /* Release */,
			);
			defaultConfigurationIsVisible = 0;
			defaultConfigurationName = Release;
		};
		2F08B19925A6554800F58C27 /* Build configuration list for PBXNativeTarget "UltimatePortfolio" */ = {
			isa = XCConfigurationList;
			buildConfigurations = (
				2F08B19A25A6554800F58C27 /* Debug */,
				2F08B19B25A6554800F58C27 /* Release */,
			);
			defaultConfigurationIsVisible = 0;
			defaultConfigurationName = Release;
		};
/* End XCConfigurationList section */

/* Begin XCVersionGroup section */
		2F08B19D25A6555B00F58C27 /* Main.xcdatamodeld */ = {
			isa = XCVersionGroup;
			children = (
				2F08B19E25A6555B00F58C27 /* Main.xcdatamodel */,
			);
			currentVersion = 2F08B19E25A6555B00F58C27 /* Main.xcdatamodel */;
			path = Main.xcdatamodeld;
			sourceTree = "<group>";
			versionGroupType = wrapper.xcdatamodel;
		};
/* End XCVersionGroup section */
	};
	rootObject = 2F08B18225A6554800F58C27 /* Project object */;
}
